
Microsoft Visual Studio Solution File, Format Version 12.00
# Visual Studio 15
VisualStudioVersion = 15.0.28307.705
MinimumVisualStudioVersion = 10.0.40219.1
Project("{FAE04EC0-301F-11D3-BF4B-00C04F79EFBC}") = "RasterTraceRenderer", "RasterTraceRenderer\RasterTraceRenderer.csproj", "{EBE7E598-A3A9-4153-AB6A-D9418CD69B96}"
EndProject
Global
	GlobalSection(SolutionConfigurationPlatforms) = preSolution
		Debug|Any CPU = Debug|Any CPU
		Release|Any CPU = Release|Any CPU
	EndGlobalSection
	GlobalSection(ProjectConfigurationPlatforms) = postSolution
		{EBE7E598-A3A9-4153-AB6A-D9418CD69B96}.Debug|Any CPU.ActiveCfg = Debug|Any CPU
		{EBE7E598-A3A9-4153-AB6A-D9418CD69B96}.Debug|Any CPU.Build.0 = Debug|Any CPU
		{EBE7E598-A3A9-4153-AB6A-D9418CD69B96}.Release|Any CPU.ActiveCfg = Release|Any CPU
		{EBE7E598-A3A9-4153-AB6A-D9418CD69B96}.Release|Any CPU.Build.0 = Release|Any CPU
	EndGlobalSection
	GlobalSection(SolutionProperties) = preSolution
		HideSolutionNode = FALSE
	EndGlobalSection
	GlobalSection(ExtensibilityGlobals) = postSolution
		SolutionGuid = {40E3C652-0C3A-4DCD-A85D-AD97A093F985}
	EndGlobalSection
EndGlobal
